
Microsoft Visual Studio Solution File, Format Version 12.00
# Visual Studio Version 17
VisualStudioVersion = 17.5.002.0
MinimumVisualStudioVersion = 10.0.40219.1
Project("{9A19103F-16F7-4668-BE54-9A1E7A4F7556}") = "ImgsToPDFCore", "ImgsToPDFCore.csproj", "{72D290DE-933A-4FD0-B744-ABC3F4FC287D}"
EndProject
Global
	GlobalSection(SolutionConfigurationPlatforms) = preSolution
		Debug|Any CPU = Debug|Any CPU
		Release|Any CPU = Release|Any CPU
	EndGlobalSection
	GlobalSection(ProjectConfigurationPlatforms) = postSolution
		{72D290DE-933A-4FD0-B744-ABC3F4FC287D}.Debug|Any CPU.ActiveCfg = Debug|Any CPU
		{72D290DE-933A-4FD0-B744-ABC3F4FC287D}.Debug|Any CPU.Build.0 = Debug|Any CPU
		{72D290DE-933A-4FD0-B744-ABC3F4FC287D}.Release|Any CPU.ActiveCfg = Release|Any CPU
		{72D290DE-933A-4FD0-B744-ABC3F4FC287D}.Release|Any CPU.Build.0 = Release|Any CPU
	EndGlobalSection
	GlobalSection(SolutionProperties) = preSolution
		HideSolutionNode = FALSE
	EndGlobalSection
	GlobalSection(ExtensibilityGlobals) = postSolution
		SolutionGuid = {E7556ED8-B4FF-4DE9-9C83-011630A10B68}
	EndGlobalSection
EndGlobal
